// !$*UTF8*$!
{
	archiveVersion = 1;
	classes = {
	};
	objectVersion = 50;
	objects = {

/* Begin PBXBuildFile section */
		06E1B93F72583FA1DB5B6DBC /* Pods_Todoey.framework in Frameworks */ = {isa = PBXBuildFile; fileRef = 6A2480E19B85B27D3F8F9EC6 /* Pods_Todoey.framework */; };
		3F23123C21D08B6B007D9B45 /* AppDelegate.swift in Sources */ = {isa = PBXBuildFile; fileRef = 3F23123B21D08B6B007D9B45 /* AppDelegate.swift */; };
		3F23123E21D08B6B007D9B45 /* TodoListViewController.swift in Sources */ = {isa = PBXBuildFile; fileRef = 3F23123D21D08B6B007D9B45 /* TodoListViewController.swift */; };
		3F23124121D08B6B007D9B45 /* Main.storyboard in Resources */ = {isa = PBXBuildFile; fileRef = 3F23123F21D08B6B007D9B45 /* Main.storyboard */; };
		3F23124321D08B6F007D9B45 /* Assets.xcassets in Resources */ = {isa = PBXBuildFile; fileRef = 3F23124221D08B6F007D9B45 /* Assets.xcassets */; };
		3F23124621D08B6F007D9B45 /* LaunchScreen.storyboard in Resources */ = {isa = PBXBuildFile; fileRef = 3F23124421D08B6F007D9B45 /* LaunchScreen.storyboard */; };
		3FFE280F21DE5837007C7F63 /* CategoryViewController.swift in Sources */ = {isa = PBXBuildFile; fileRef = 3FFE280E21DE5837007C7F63 /* CategoryViewController.swift */; };
		3FFE281321E3134C007C7F63 /* Item.swift in Sources */ = {isa = PBXBuildFile; fileRef = 3FFE281221E3134C007C7F63 /* Item.swift */; };
		3FFE281521E3135B007C7F63 /* Category.swift in Sources */ = {isa = PBXBuildFile; fileRef = 3FFE281421E3135B007C7F63 /* Category.swift */; };
		3FFE281721E5BFDA007C7F63 /* SwipeTableViewController.swift in Sources */ = {isa = PBXBuildFile; fileRef = 3FFE281621E5BFDA007C7F63 /* SwipeTableViewController.swift */; };
/* End PBXBuildFile section */

/* Begin PBXFileReference section */
		3F23123821D08B6B007D9B45 /* Todoey.app */ = {isa = PBXFileReference; explicitFileType = wrapper.application; includeInIndex = 0; path = Todoey.app; sourceTree = BUILT_PRODUCTS_DIR; };
		3F23123B21D08B6B007D9B45 /* AppDelegate.swift */ = {isa = PBXFileReference; lastKnownFileType = sourcecode.swift; path = AppDelegate.swift; sourceTree = "<group>"; };
		3F23123D21D08B6B007D9B45 /* TodoListViewController.swift */ = {isa = PBXFileReference; lastKnownFileType = sourcecode.swift; path = TodoListViewController.swift; sourceTree = "<group>"; };
		3F23124021D08B6B007D9B45 /* Base */ = {isa = PBXFileReference; lastKnownFileType = file.storyboard; name = Base; path = Base.lproj/Main.storyboard; sourceTree = "<group>"; };
		3F23124221D08B6F007D9B45 /* Assets.xcassets */ = {isa = PBXFileReference; lastKnownFileType = folder.assetcatalog; path = Assets.xcassets; sourceTree = "<group>"; };
		3F23124521D08B6F007D9B45 /* Base */ = {isa = PBXFileReference; lastKnownFileType = file.storyboard; name = Base; path = Base.lproj/LaunchScreen.storyboard; sourceTree = "<group>"; };
		3F23124721D08B6F007D9B45 /* Info.plist */ = {isa = PBXFileReference; lastKnownFileType = text.plist.xml; path = Info.plist; sourceTree = "<group>"; };
		3FFE280E21DE5837007C7F63 /* CategoryViewController.swift */ = {isa = PBXFileReference; lastKnownFileType = sourcecode.swift; path = CategoryViewController.swift; sourceTree = "<group>"; };
		3FFE281221E3134C007C7F63 /* Item.swift */ = {isa = PBXFileReference; lastKnownFileType = sourcecode.swift; path = Item.swift; sourceTree = "<group>"; };
		3FFE281421E3135B007C7F63 /* Category.swift */ = {isa = PBXFileReference; lastKnownFileType = sourcecode.swift; path = Category.swift; sourceTree = "<group>"; };
		3FFE281621E5BFDA007C7F63 /* SwipeTableViewController.swift */ = {isa = PBXFileReference; lastKnownFileType = sourcecode.swift; path = SwipeTableViewController.swift; sourceTree = "<group>"; };
		5436AB31F438777BF74DD41B /* Pods-Todoey.release.xcconfig */ = {isa = PBXFileReference; includeInIndex = 1; lastKnownFileType = text.xcconfig; name = "Pods-Todoey.release.xcconfig"; path = "Pods/Target Support Files/Pods-Todoey/Pods-Todoey.release.xcconfig"; sourceTree = "<group>"; };
		6A2480E19B85B27D3F8F9EC6 /* Pods_Todoey.framework */ = {isa = PBXFileReference; explicitFileType = wrapper.framework; includeInIndex = 0; path = Pods_Todoey.framework; sourceTree = BUILT_PRODUCTS_DIR; };
		D8A19E7B27BF3CA431F8B253 /* Pods-Todoey.debug.xcconfig */ = {isa = PBXFileReference; includeInIndex = 1; lastKnownFileType = text.xcconfig; name = "Pods-Todoey.debug.xcconfig"; path = "Pods/Target Support Files/Pods-Todoey/Pods-Todoey.debug.xcconfig"; sourceTree = "<group>"; };
/* End PBXFileReference section */

/* Begin PBXFrameworksBuildPhase section */
		3F23123521D08B6B007D9B45 /* Frameworks */ = {
			isa = PBXFrameworksBuildPhase;
			buildActionMask = 2147483647;
			files = (
				06E1B93F72583FA1DB5B6DBC /* Pods_Todoey.framework in Frameworks */,
			);
			runOnlyForDeploymentPostprocessing = 0;
		};
/* End PBXFrameworksBuildPhase section */

/* Begin PBXGroup section */
		3F23122F21D08B6B007D9B45 = {
			isa = PBXGroup;
			children = (
				3F23123A21D08B6B007D9B45 /* Todoey */,
				3F23123921D08B6B007D9B45 /* Products */,
				DE25CA0961973010984968DB /* Pods */,
				B5596255F6DC32A71F1A35C8 /* Frameworks */,
			);
			sourceTree = "<group>";
		};
		3F23123921D08B6B007D9B45 /* Products */ = {
			isa = PBXGroup;
			children = (
				3F23123821D08B6B007D9B45 /* Todoey.app */,
			);
			name = Products;
			sourceTree = "<group>";
		};
		3F23123A21D08B6B007D9B45 /* Todoey */ = {
			isa = PBXGroup;
			children = (
				3F23123B21D08B6B007D9B45 /* AppDelegate.swift */,
				3FDC9A4621D5104800CF0E8F /* Controller */,
				3FDC9A4721D5106400CF0E8F /* Data Model */,
				3FDC9A4821D5109300CF0E8F /* View */,
				3FDC9A4921D510CC00CF0E8F /* Supporting Files */,
				3F23124721D08B6F007D9B45 /* Info.plist */,
			);
			path = Todoey;
			sourceTree = "<group>";
		};
		3FDC9A4621D5104800CF0E8F /* Controller */ = {
			isa = PBXGroup;
			children = (
				3FFE280E21DE5837007C7F63 /* CategoryViewController.swift */,
				3F23123D21D08B6B007D9B45 /* TodoListViewController.swift */,
				3FFE281621E5BFDA007C7F63 /* SwipeTableViewController.swift */,
			);
			path = Controller;
			sourceTree = "<group>";
		};
		3FDC9A4721D5106400CF0E8F /* Data Model */ = {
			isa = PBXGroup;
			children = (
				3FFE281421E3135B007C7F63 /* Category.swift */,
				3FFE281221E3134C007C7F63 /* Item.swift */,
			);
			path = "Data Model";
			sourceTree = "<group>";
		};
		3FDC9A4821D5109300CF0E8F /* View */ = {
			isa = PBXGroup;
			children = (
				3F23123F21D08B6B007D9B45 /* Main.storyboard */,
			);
			path = View;
			sourceTree = "<group>";
		};
		3FDC9A4921D510CC00CF0E8F /* Supporting Files */ = {
			isa = PBXGroup;
			children = (
				3F23124221D08B6F007D9B45 /* Assets.xcassets */,
				3F23124421D08B6F007D9B45 /* LaunchScreen.storyboard */,
			);
			path = "Supporting Files";
			sourceTree = "<group>";
		};
		B5596255F6DC32A71F1A35C8 /* Frameworks */ = {
			isa = PBXGroup;
			children = (
				6A2480E19B85B27D3F8F9EC6 /* Pods_Todoey.framework */,
			);
			name = Frameworks;
			sourceTree = "<group>";
		};
		DE25CA0961973010984968DB /* Pods */ = {
			isa = PBXGroup;
			children = (
				D8A19E7B27BF3CA431F8B253 /* Pods-Todoey.debug.xcconfig */,
				5436AB31F438777BF74DD41B /* Pods-Todoey.release.xcconfig */,
			);
			name = Pods;
			sourceTree = "<group>";
		};
/* End PBXGroup section */

/* Begin PBXNativeTarget section */
		3F23123721D08B6B007D9B45 /* Todoey */ = {
			isa = PBXNativeTarget;
			buildConfigurationList = 3F23124A21D08B6F007D9B45 /* Build configuration list for PBXNativeTarget "Todoey" */;
			buildPhases = (
				A5F3F23DC17207DC93C5FA5D /* [CP] Check Pods Manifest.lock */,
				3F23123421D08B6B007D9B45 /* Sources */,
				3F23123521D08B6B007D9B45 /* Frameworks */,
				3F23123621D08B6B007D9B45 /* Resources */,
				35A9957D01EA2D42C9B473D4 /* [CP] Embed Pods Frameworks */,
			);
			buildRules = (
			);
			dependencies = (
			);
			name = Todoey;
			productName = Todoey;
			productReference = 3F23123821D08B6B007D9B45 /* Todoey.app */;
			productType = "com.apple.product-type.application";
		};
/* End PBXNativeTarget section */

/* Begin PBXProject section */
		3F23123021D08B6B007D9B45 /* Project object */ = {
			isa = PBXProject;
			attributes = {
				LastSwiftUpdateCheck = 1010;
				LastUpgradeCheck = 1010;
				ORGANIZATIONNAME = "Wilson Hew";
				TargetAttributes = {
					3F23123721D08B6B007D9B45 = {
						CreatedOnToolsVersion = 10.1;
					};
				};
			};
			buildConfigurationList = 3F23123321D08B6B007D9B45 /* Build configuration list for PBXProject "Todoey" */;
			compatibilityVersion = "Xcode 9.3";
			developmentRegion = en;
			hasScannedForEncodings = 0;
			knownRegions = (
				en,
				Base,
			);
			mainGroup = 3F23122F21D08B6B007D9B45;
			productRefGroup = 3F23123921D08B6B007D9B45 /* Products */;
			projectDirPath = "";
			projectRoot = "";
			targets = (
				3F23123721D08B6B007D9B45 /* Todoey */,
			);
		};
/* End PBXProject section */

/* Begin PBXResourcesBuildPhase section */
		3F23123621D08B6B007D9B45 /* Resources */ = {
			isa = PBXResourcesBuildPhase;
			buildActionMask = 2147483647;
			files = (
				3F23124621D08B6F007D9B45 /* LaunchScreen.storyboard in Resources */,
				3F23124321D08B6F007D9B45 /* Assets.xcassets in Resources */,
				3F23124121D08B6B007D9B45 /* Main.storyboard in Resources */,
			);
			runOnlyForDeploymentPostprocessing = 0;
		};
/* End PBXResourcesBuildPhase section */

/* Begin PBXShellScriptBuildPhase section */
		35A9957D01EA2D42C9B473D4 /* [CP] Embed Pods Frameworks */ = {
			isa = PBXShellScriptBuildPhase;
			buildActionMask = 2147483647;
			files = (
			);
			inputFileListPaths = (
			);
			inputPaths = (
				"${SRCROOT}/Pods/Target Support Files/Pods-Todoey/Pods-Todoey-frameworks.sh",
				"${BUILT_PRODUCTS_DIR}/ChameleonFramework/ChameleonFramework.framework",
				"${BUILT_PRODUCTS_DIR}/Realm/Realm.framework",
				"${BUILT_PRODUCTS_DIR}/RealmSwift/RealmSwift.framework",
				"${BUILT_PRODUCTS_DIR}/SwipeCellKit/SwipeCellKit.framework",
			);
			name = "[CP] Embed Pods Frameworks";
			outputFileListPaths = (
			);
			outputPaths = (
				"${TARGET_BUILD_DIR}/${FRAMEWORKS_FOLDER_PATH}/ChameleonFramework.framework",
				"${TARGET_BUILD_DIR}/${FRAMEWORKS_FOLDER_PATH}/Realm.framework",
				"${TARGET_BUILD_DIR}/${FRAMEWORKS_FOLDER_PATH}/RealmSwift.framework",
				"${TARGET_BUILD_DIR}/${FRAMEWORKS_FOLDER_PATH}/SwipeCellKit.framework",
			);
			runOnlyForDeploymentPostprocessing = 0;
			shellPath = /bin/sh;
			shellScript = "\"${SRCROOT}/Pods/Target Support Files/Pods-Todoey/Pods-Todoey-frameworks.sh\"\n";
			showEnvVarsInLog = 0;
		};
		A5F3F23DC17207DC93C5FA5D /* [CP] Check Pods Manifest.lock */ = {
			isa = PBXShellScriptBuildPhase;
			buildActionMask = 2147483647;
			files = (
			);
			inputFileListPaths = (
			);
			inputPaths = (
				"${PODS_PODFILE_DIR_PATH}/Podfile.lock",
				"${PODS_ROOT}/Manifest.lock",
			);
			name = "[CP] Check Pods Manifest.lock";
			outputFileListPaths = (
			);
			outputPaths = (
				"$(DERIVED_FILE_DIR)/Pods-Todoey-checkManifestLockResult.txt",
			);
			runOnlyForDeploymentPostprocessing = 0;
			shellPath = /bin/sh;
			shellScript = "diff \"${PODS_PODFILE_DIR_PATH}/Podfile.lock\" \"${PODS_ROOT}/Manifest.lock\" > /dev/null\nif [ $? != 0 ] ; then\n    # print error to STDERR\n    echo \"error: The sandbox is not in sync with the Podfile.lock. Run 'pod install' or update your CocoaPods installation.\" >&2\n    exit 1\nfi\n# This output is used by Xcode 'outputs' to avoid re-running this script phase.\necho \"SUCCESS\" > \"${SCRIPT_OUTPUT_FILE_0}\"\n";
			showEnvVarsInLog = 0;
		};
/* End PBXShellScriptBuildPhase section */

/* Begin PBXSourcesBuildPhase section */
		3F23123421D08B6B007D9B45 /* Sources */ = {
			isa = PBXSourcesBuildPhase;
			buildActionMask = 2147483647;
			files = (
				3FFE281321E3134C007C7F63 /* Item.swift in Sources */,
				3FFE280F21DE5837007C7F63 /* CategoryViewController.swift in Sources */,
				3F23123E21D08B6B007D9B45 /* TodoListViewController.swift in Sources */,
				3F23123C21D08B6B007D9B45 /* AppDelegate.swift in Sources */,
				3FFE281721E5BFDA007C7F63 /* SwipeTableViewController.swift in Sources */,
				3FFE281521E3135B007C7F63 /* Category.swift in Sources */,
			);
			runOnlyForDeploymentPostprocessing = 0;
		};
/* End PBXSourcesBuildPhase section */

/* Begin PBXVariantGroup section */
		3F23123F21D08B6B007D9B45 /* Main.storyboard */ = {
			isa = PBXVariantGroup;
			children = (
				3F23124021D08B6B007D9B45 /* Base */,
			);
			name = Main.storyboard;
			sourceTree = "<group>";
		};
		3F23124421D08B6F007D9B45 /* LaunchScreen.storyboard */ = {
			isa = PBXVariantGroup;
			children = (
				3F23124521D08B6F007D9B45 /* Base */,
			);
			name = LaunchScreen.storyboard;
			sourceTree = "<group>";
		};
/* End PBXVariantGroup section */

/* Begin XCBuildConfiguration section */
		3F23124821D08B6F007D9B45 /* Debug */ = {
			isa = XCBuildConfiguration;
			buildSettings = {
				ALWAYS_SEARCH_USER_PATHS = NO;
				CLANG_ANALYZER_NONNULL = YES;
				CLANG_ANALYZER_NUMBER_OBJECT_CONVERSION = YES_AGGRESSIVE;
				CLANG_CXX_LANGUAGE_STANDARD = "gnu++14";
				CLANG_CXX_LIBRARY = "libc++";
				CLANG_ENABLE_MODULES = YES;
				CLANG_ENABLE_OBJC_ARC = YES;
				CLANG_ENABLE_OBJC_WEAK = YES;
				CLANG_WARN_BLOCK_CAPTURE_AUTORELEASING = YES;
				CLANG_WARN_BOOL_CONVERSION = YES;
				CLANG_WARN_COMMA = YES;
				CLANG_WARN_CONSTANT_CONVERSION = YES;
				CLANG_WARN_DEPRECATED_OBJC_IMPLEMENTATIONS = YES;
				CLANG_WARN_DIRECT_OBJC_ISA_USAGE = YES_ERROR;
				CLANG_WARN_DOCUMENTATION_COMMENTS = YES;
				CLANG_WARN_EMPTY_BODY = YES;
				CLANG_WARN_ENUM_CONVERSION = YES;
				CLANG_WARN_INFINITE_RECURSION = YES;
				CLANG_WARN_INT_CONVERSION = YES;
				CLANG_WARN_NON_LITERAL_NULL_CONVERSION = YES;
				CLANG_WARN_OBJC_IMPLICIT_RETAIN_SELF = YES;
				CLANG_WARN_OBJC_LITERAL_CONVERSION = YES;
				CLANG_WARN_OBJC_ROOT_CLASS = YES_ERROR;
				CLANG_WARN_RANGE_LOOP_ANALYSIS = YES;
				CLANG_WARN_STRICT_PROTOTYPES = YES;
				CLANG_WARN_SUSPICIOUS_MOVE = YES;
				CLANG_WARN_UNGUARDED_AVAILABILITY = YES_AGGRESSIVE;
				CLANG_WARN_UNREACHABLE_CODE = YES;
				CLANG_WARN__DUPLICATE_METHOD_MATCH = YES;
				CODE_SIGN_IDENTITY = "iPhone Developer";
				COPY_PHASE_STRIP = NO;
				DEBUG_INFORMATION_FORMAT = dwarf;
				ENABLE_STRICT_OBJC_MSGSEND = YES;
				ENABLE_TESTABILITY = YES;
				GCC_C_LANGUAGE_STANDARD = gnu11;
				GCC_DYNAMIC_NO_PIC = NO;
				GCC_NO_COMMON_BLOCKS = YES;
				GCC_OPTIMIZATION_LEVEL = 0;
				GCC_PREPROCESSOR_DEFINITIONS = (
					"DEBUG=1",
					"$(inherited)",
				);
				GCC_WARN_64_TO_32_BIT_CONVERSION = YES;
				GCC_WARN_ABOUT_RETURN_TYPE = YES_ERROR;
				GCC_WARN_UNDECLARED_SELECTOR = YES;
				GCC_WARN_UNINITIALIZED_AUTOS = YES_AGGRESSIVE;
				GCC_WARN_UNUSED_FUNCTION = YES;
				GCC_WARN_UNUSED_VARIABLE = YES;
				IPHONEOS_DEPLOYMENT_TARGET = 12.1;
				MTL_ENABLE_DEBUG_INFO = INCLUDE_SOURCE;
				MTL_FAST_MATH = YES;
				ONLY_ACTIVE_ARCH = YES;
				SDKROOT = iphoneos;
				SWIFT_ACTIVE_COMPILATION_CONDITIONS = DEBUG;
				SWIFT_OPTIMIZATION_LEVEL = "-Onone";
			};
			name = Debug;
		};
		3F23124921D08B6F007D9B45 /* Release */ = {
			isa = XCBuildConfiguration;
			buildSettings = {
				ALWAYS_SEARCH_USER_PATHS = NO;
				CLANG_ANALYZER_NONNULL = YES;
				CLANG_ANALYZER_NUMBER_OBJECT_CONVERSION = YES_AGGRESSIVE;
				CLANG_CXX_LANGUAGE_STANDARD = "gnu++14";
				CLANG_CXX_LIBRARY = "libc++";
				CLANG_ENABLE_MODULES = YES;
				CLANG_ENABLE_OBJC_ARC = YES;
				CLANG_ENABLE_OBJC_WEAK = YES;
				CLANG_WARN_BLOCK_CAPTURE_AUTORELEASING = YES;
				CLANG_WARN_BOOL_CONVERSION = YES;
				CLANG_WARN_COMMA = YES;
				CLANG_WARN_CONSTANT_CONVERSION = YES;
				CLANG_WARN_DEPRECATED_OBJC_IMPLEMENTATIONS = YES;
				CLANG_WARN_DIRECT_OBJC_ISA_USAGE = YES_ERROR;
				CLANG_WARN_DOCUMENTATION_COMMENTS = YES;
				CLANG_WARN_EMPTY_BODY = YES;
				CLANG_WARN_ENUM_CONVERSION = YES;
				CLANG_WARN_INFINITE_RECURSION = YES;
				CLANG_WARN_INT_CONVERSION = YES;
				CLANG_WARN_NON_LITERAL_NULL_CONVERSION = YES;
				CLANG_WARN_OBJC_IMPLICIT_RETAIN_SELF = YES;
				CLANG_WARN_OBJC_LITERAL_CONVERSION = YES;
				CLANG_WARN_OBJC_ROOT_CLASS = YES_ERROR;
				CLANG_WARN_RANGE_LOOP_ANALYSIS = YES;
				CLANG_WARN_STRICT_PROTOTYPES = YES;
				CLANG_WARN_SUSPICIOUS_MOVE = YES;
				CLANG_WARN_UNGUARDED_AVAILABILITY = YES_AGGRESSIVE;
				CLANG_WARN_UNREACHABLE_CODE = YES;
				CLANG_WARN__DUPLICATE_METHOD_MATCH = YES;
				CODE_SIGN_IDENTITY = "iPhone Developer";
				COPY_PHASE_STRIP = NO;
				DEBUG_INFORMATION_FORMAT = "dwarf-with-dsym";
				ENABLE_NS_ASSERTIONS = NO;
				ENABLE_STRICT_OBJC_MSGSEND = YES;
				GCC_C_LANGUAGE_STANDARD = gnu11;
				GCC_NO_COMMON_BLOCKS = YES;
				GCC_WARN_64_TO_32_BIT_CONVERSION = YES;
				GCC_WARN_ABOUT_RETURN_TYPE = YES_ERROR;
				GCC_WARN_UNDECLARED_SELECTOR = YES;
				GCC_WARN_UNINITIALIZED_AUTOS = YES_AGGRESSIVE;
				GCC_WARN_UNUSED_FUNCTION = YES;
				GCC_WARN_UNUSED_VARIABLE = YES;
				IPHONEOS_DEPLOYMENT_TARGET = 12.1;
				MTL_ENABLE_DEBUG_INFO = NO;
				MTL_FAST_MATH = YES;
				SDKROOT = iphoneos;
				SWIFT_COMPILATION_MODE = wholemodule;
				SWIFT_OPTIMIZATION_LEVEL = "-O";
				VALIDATE_PRODUCT = YES;
			};
			name = Release;
		};
		3F23124B21D08B6F007D9B45 /* Debug */ = {
			isa = XCBuildConfiguration;
			baseConfigurationReference = D8A19E7B27BF3CA431F8B253 /* Pods-Todoey.debug.xcconfig */;
			buildSettings = {
				ASSETCATALOG_COMPILER_APPICON_NAME = AppIcon;
				CODE_SIGN_STYLE = Automatic;
				DEVELOPMENT_TEAM = 757763ZN6Q;
				INFOPLIST_FILE = Todoey/Info.plist;
				LD_RUNPATH_SEARCH_PATHS = (
					"$(inherited)",
					"@executable_path/Frameworks",
				);
				PRODUCT_BUNDLE_IDENTIFIER = com.wilsonhew.Todoey;
				PRODUCT_NAME = "$(TARGET_NAME)";
				SWIFT_VERSION = 4.2;
				TARGETED_DEVICE_FAMILY = "1,2";
			};
			name = Debug;
		};
		3F23124C21D08B6F007D9B45 /* Release */ = {
			isa = XCBuildConfiguration;
			baseConfigurationReference = 5436AB31F438777BF74DD41B /* Pods-Todoey.release.xcconfig */;
			buildSettings = {
				ASSETCATALOG_COMPILER_APPICON_NAME = AppIcon;
				CODE_SIGN_STYLE = Automatic;
				DEVELOPMENT_TEAM = 757763ZN6Q;
				INFOPLIST_FILE = Todoey/Info.plist;
				LD_RUNPATH_SEARCH_PATHS = (
					"$(inherited)",
					"@executable_path/Frameworks",
				);
				PRODUCT_BUNDLE_IDENTIFIER = com.wilsonhew.Todoey;
				PRODUCT_NAME = "$(TARGET_NAME)";
				SWIFT_VERSION = 4.2;
				TARGETED_DEVICE_FAMILY = "1,2";
			};
			name = Release;
		};
/* End XCBuildConfiguration section */

/* Begin XCConfigurationList section */
		3F23123321D08B6B007D9B45 /* Build configuration list for PBXProject "Todoey" */ = {
			isa = XCConfigurationList;
			buildConfigurations = (
				3F23124821D08B6F007D9B45 /* Debug */,
				3F23124921D08B6F007D9B45 /* Release */,
			);
			defaultConfigurationIsVisible = 0;
			defaultConfigurationName = Release;
		};
		3F23124A21D08B6F007D9B45 /* Build configuration list for PBXNativeTarget "Todoey" */ = {
			isa = XCConfigurationList;
			buildConfigurations = (
				3F23124B21D08B6F007D9B45 /* Debug */,
				3F23124C21D08B6F007D9B45 /* Release */,
			);
			defaultConfigurationIsVisible = 0;
			defaultConfigurationName = Release;
		};
/* End XCConfigurationList section */
	};
	rootObject = 3F23123021D08B6B007D9B45 /* Project object */;
}
